Microsoft Visual Studio Solution File, Format Version 12.00
# Visual Studio Version 17
VisualStudioVersion = 17.12.35527.113
MinimumVisualStudioVersion = 10.0.40219.1
Project("{FAE04EC0-301F-11D3-BF4B-00C04F79EFBC}") = "UltimateMessengerSuggestions.Telegram", "src\UltimateMessengerSuggestions.Telegram\UltimateMessengerSuggestions.Telegram.csproj", "{C1B6A5B0-9471-4803-A8B0-A753D372A323}"
EndProject
Project("{2150E333-8FDC-42A3-9474-1A3956D46DE8}") = "src", "src", "{CA11A8AA-7007-4362-BCA3-E1EF473DBBF4}"
EndProject
Global
	GlobalSection(SolutionConfigurationPlatforms) = preSolution
		Debug|Any CPU = Debug|Any CPU
		Release|Any CPU = Release|Any CPU
	EndGlobalSection
	GlobalSection(ProjectConfigurationPlatforms) = postSolution
		{C1B6A5B0-9471-4803-A8B0-A753D372A323}.Debug|Any CPU.ActiveCfg = Debug|Any CPU
		{C1B6A5B0-9471-4803-A8B0-A753D372A323}.Debug|Any CPU.Build.0 = Debug|Any CPU
		{C1B6A5B0-9471-4803-A8B0-A753D372A323}.Release|Any CPU.ActiveCfg = Release|Any CPU
		{C1B6A5B0-9471-4803-A8B0-A753D372A323}.Release|Any CPU.Build.0 = Release|Any CPU
	EndGlobalSection
	GlobalSection(SolutionProperties) = preSolution
		HideSolutionNode = FALSE
	EndGlobalSection
	GlobalSection(NestedProjects) = preSolution
		{C1B6A5B0-9471-4803-A8B0-A753D372A323} = {CA11A8AA-7007-4362-BCA3-E1EF473DBBF4}
	EndGlobalSection
	GlobalSection(ExtensibilityGlobals) = postSolution
		SolutionGuid = {FE9713FE-16FC-4705-93D4-D448EDEA3FCE}
	EndGlobalSection
EndGlobal
